
Microsoft Visual Studio Solution File, Format Version 12.00
# Visual Studio Version 17
VisualStudioVersion = 17.5.33502.453
MinimumVisualStudioVersion = 10.0.40219.1
Project("{2150E333-8FDC-42A3-9474-1A3956D46DE8}") = "Web", "Web", "{F4C15D63-EAFB-42C8-A4F0-6BE312EB36AE}"
EndProject
Project("{9A19103F-16F7-4668-BE54-9A1E7A4F7556}") = "SportHub.WebAPI", "Web\SportHub.WebAPI\SportHub.WebAPI.csproj", "{682349F2-19F1-47A0-994C-1C3EA7F0FF49}"
EndProject
Project("{2150E333-8FDC-42A3-9474-1A3956D46DE8}") = "Common", "Common", "{DE348E8E-A0C7-419A-981C-5B9C9BFB1E3B}"
EndProject
Project("{9A19103F-16F7-4668-BE54-9A1E7A4F7556}") = "SportHub.Common.Constants", "Common\SportHub.Common.Constants\SportHub.Common.Constants.csproj", "{FF08950A-37E6-4904-A18E-3F7542049170}"
EndProject
Project("{9A19103F-16F7-4668-BE54-9A1E7A4F7556}") = "SportHub.Common.Extensions", "Common\SportHub.Common.Extensions\SportHub.Common.Extensions.csproj", "{A52EE699-1E87-43D6-8C19-6D07CDA92610}"
EndProject
Project("{2150E333-8FDC-42A3-9474-1A3956D46DE8}") = "Data", "Data", "{7EE0255E-E0FA-44C6-8FCD-4FA377EC2770}"
EndProject
Project("{9A19103F-16F7-4668-BE54-9A1E7A4F7556}") = "SportHub.Data", "Data\SportHub.Data\SportHub.Data.csproj", "{A57D5B38-8458-493D-9701-7BF5AF0DC199}"
EndProject
Project("{9A19103F-16F7-4668-BE54-9A1E7A4F7556}") = "SportHub.Data.Common", "Data\SportHub.Data.Common\SportHub.Data.Common.csproj", "{FC1ED8B6-3BF4-43EB-9A6D-DC0DDDC0E309}"
EndProject
Project("{9A19103F-16F7-4668-BE54-9A1E7A4F7556}") = "SportHub.Data.Models", "Data\SportHub.Data.Models\SportHub.Data.Models.csproj", "{C1F56520-06BB-4FE1-97AE-A227C8E41422}"
EndProject
Project("{9A19103F-16F7-4668-BE54-9A1E7A4F7556}") = "SportHub.Data.Seeders", "Data\SportHub.Data.Seeders\SportHub.Data.Seeders.csproj", "{8049BAE2-BD6A-42CA-8FAB-77A35BA79849}"
EndProject
Project("{2150E333-8FDC-42A3-9474-1A3956D46DE8}") = "Services", "Services", "{C580FDB3-888C-4BD2-BEAE-CAD5ECA14917}"
EndProject
Project("{9A19103F-16F7-4668-BE54-9A1E7A4F7556}") = "SportHub.Services", "Services\SportHub.Services\SportHub.Services.csproj", "{D1A67A18-4F79-4EBE-89E3-7D9E7728039E}"
EndProject
Project("{9A19103F-16F7-4668-BE54-9A1E7A4F7556}") = "SportHub.Services.Data", "Services\SportHub.Services.Data\SportHub.Services.Data.csproj", "{2997B5C7-22FB-46FC-A541-C45DF74F8F45}"
EndProject
Project("{9A19103F-16F7-4668-BE54-9A1E7A4F7556}") = "SportHub.Services.Mapper", "Services\SportHub.Services.Mapper\SportHub.Services.Mapper.csproj", "{45A8779F-14BA-480D-92F8-56BC4070AB57}"
EndProject
Project("{9A19103F-16F7-4668-BE54-9A1E7A4F7556}") = "SportHub.WebAPI.Infrastructure", "Web\SportHub.WebAPI.Infrastructure\SportHub.WebAPI.Infrastructure.csproj", "{87833C9B-4B7D-481B-AA51-BA364A30B1F6}"
EndProject
Project("{9A19103F-16F7-4668-BE54-9A1E7A4F7556}") = "SportHub.Data.ViewModels", "Data\SportHub.Data.ViewModels\SportHub.Data.ViewModels.csproj", "{A4443DAD-6069-46DF-8E49-041C07D64AA5}"
EndProject
Project("{9A19103F-16F7-4668-BE54-9A1E7A4F7556}") = "SportHub.Common.Exceptions", "Common\SportHub.Common.Exceptions\SportHub.Common.Exceptions.csproj", "{100FE94F-AF2E-4069-9DEA-B711104FC61F}"
EndProject
Project("{2150E333-8FDC-42A3-9474-1A3956D46DE8}") = "Applications", "Applications", "{5837545F-25AB-4DDB-8CC6-4810521FB458}"
EndProject
Project("{9A19103F-16F7-4668-BE54-9A1E7A4F7556}") = "SportHub.Crawlers", "Applications\SportHub.Crawlers\SportHub.Crawlers.csproj", "{B84D15C0-3FD9-4AE3-835A-B177D0DB9F67}"
EndProject
Project("{9A19103F-16F7-4668-BE54-9A1E7A4F7556}") = "SportHub.Converters", "Applications\SportHub.Converters\SportHub.Converters.csproj", "{7846C3B5-262F-48FE-8DE8-0F034329A15F}"
EndProject
Project("{9A19103F-16F7-4668-BE54-9A1E7A4F7556}") = "SportHub.Common.Helpers", "Common\SportHub.Common.Helpers\SportHub.Common.Helpers.csproj", "{F7D0150D-6950-421B-A8A3-61A7568A960C}"
EndProject
Project("{FAE04EC0-301F-11D3-BF4B-00C04F79EFBC}") = "SportHub.Data.Entities", "Data\SportHub.Data.Entities\SportHub.Data.Entities.csproj", "{93B49C86-BA9F-4846-8312-ADDA8F9F01F5}"
EndProject
Global
	GlobalSection(SolutionConfigurationPlatforms) = preSolution
		Debug|Any CPU = Debug|Any CPU
		Release|Any CPU = Release|Any CPU
	EndGlobalSection
	GlobalSection(ProjectConfigurationPlatforms) = postSolution
		{682349F2-19F1-47A0-994C-1C3EA7F0FF49}.Debug|Any CPU.ActiveCfg = Debug|Any CPU
		{682349F2-19F1-47A0-994C-1C3EA7F0FF49}.Debug|Any CPU.Build.0 = Debug|Any CPU
		{682349F2-19F1-47A0-994C-1C3EA7F0FF49}.Release|Any CPU.ActiveCfg = Release|Any CPU
		{682349F2-19F1-47A0-994C-1C3EA7F0FF49}.Release|Any CPU.Build.0 = Release|Any CPU
		{FF08950A-37E6-4904-A18E-3F7542049170}.Debug|Any CPU.ActiveCfg = Debug|Any CPU
		{FF08950A-37E6-4904-A18E-3F7542049170}.Debug|Any CPU.Build.0 = Debug|Any CPU
		{FF08950A-37E6-4904-A18E-3F7542049170}.Release|Any CPU.ActiveCfg = Release|Any CPU
		{FF08950A-37E6-4904-A18E-3F7542049170}.Release|Any CPU.Build.0 = Release|Any CPU
		{A52EE699-1E87-43D6-8C19-6D07CDA92610}.Debug|Any CPU.ActiveCfg = Debug|Any CPU
		{A52EE699-1E87-43D6-8C19-6D07CDA92610}.Debug|Any CPU.Build.0 = Debug|Any CPU
		{A52EE699-1E87-43D6-8C19-6D07CDA92610}.Release|Any CPU.ActiveCfg = Release|Any CPU
		{A52EE699-1E87-43D6-8C19-6D07CDA92610}.Release|Any CPU.Build.0 = Release|Any CPU
		{A57D5B38-8458-493D-9701-7BF5AF0DC199}.Debug|Any CPU.ActiveCfg = Debug|Any CPU
		{A57D5B38-8458-493D-9701-7BF5AF0DC199}.Debug|Any CPU.Build.0 = Debug|Any CPU
		{A57D5B38-8458-493D-9701-7BF5AF0DC199}.Release|Any CPU.ActiveCfg = Release|Any CPU
		{A57D5B38-8458-493D-9701-7BF5AF0DC199}.Release|Any CPU.Build.0 = Release|Any CPU
		{FC1ED8B6-3BF4-43EB-9A6D-DC0DDDC0E309}.Debug|Any CPU.ActiveCfg = Debug|Any CPU
		{FC1ED8B6-3BF4-43EB-9A6D-DC0DDDC0E309}.Debug|Any CPU.Build.0 = Debug|Any CPU
		{FC1ED8B6-3BF4-43EB-9A6D-DC0DDDC0E309}.Release|Any CPU.ActiveCfg = Release|Any CPU
		{FC1ED8B6-3BF4-43EB-9A6D-DC0DDDC0E309}.Release|Any CPU.Build.0 = Release|Any CPU
		{C1F56520-06BB-4FE1-97AE-A227C8E41422}.Debug|Any CPU.ActiveCfg = Debug|Any CPU
		{C1F56520-06BB-4FE1-97AE-A227C8E41422}.Debug|Any CPU.Build.0 = Debug|Any CPU
		{C1F56520-06BB-4FE1-97AE-A227C8E41422}.Release|Any CPU.ActiveCfg = Release|Any CPU
		{C1F56520-06BB-4FE1-97AE-A227C8E41422}.Release|Any CPU.Build.0 = Release|Any CPU
		{8049BAE2-BD6A-42CA-8FAB-77A35BA79849}.Debug|Any CPU.ActiveCfg = Debug|Any CPU
		{8049BAE2-BD6A-42CA-8FAB-77A35BA79849}.Debug|Any CPU.Build.0 = Debug|Any CPU
		{8049BAE2-BD6A-42CA-8FAB-77A35BA79849}.Release|Any CPU.ActiveCfg = Release|Any CPU
		{8049BAE2-BD6A-42CA-8FAB-77A35BA79849}.Release|Any CPU.Build.0 = Release|Any CPU
		{D1A67A18-4F79-4EBE-89E3-7D9E7728039E}.Debug|Any CPU.ActiveCfg = Debug|Any CPU
		{D1A67A18-4F79-4EBE-89E3-7D9E7728039E}.Debug|Any CPU.Build.0 = Debug|Any CPU
		{D1A67A18-4F79-4EBE-89E3-7D9E7728039E}.Release|Any CPU.ActiveCfg = Release|Any CPU
		{D1A67A18-4F79-4EBE-89E3-7D9E7728039E}.Release|Any CPU.Build.0 = Release|Any CPU
		{2997B5C7-22FB-46FC-A541-C45DF74F8F45}.Debug|Any CPU.ActiveCfg = Debug|Any CPU
		{2997B5C7-22FB-46FC-A541-C45DF74F8F45}.Debug|Any CPU.Build.0 = Debug|Any CPU
		{2997B5C7-22FB-46FC-A541-C45DF74F8F45}.Release|Any CPU.ActiveCfg = Release|Any CPU
		{2997B5C7-22FB-46FC-A541-C45DF74F8F45}.Release|Any CPU.Build.0 = Release|Any CPU
		{45A8779F-14BA-480D-92F8-56BC4070AB57}.Debug|Any CPU.ActiveCfg = Debug|Any CPU
		{45A8779F-14BA-480D-92F8-56BC4070AB57}.Debug|Any CPU.Build.0 = Debug|Any CPU
		{45A8779F-14BA-480D-92F8-56BC4070AB57}.Release|Any CPU.ActiveCfg = Release|Any CPU
		{45A8779F-14BA-480D-92F8-56BC4070AB57}.Release|Any CPU.Build.0 = Release|Any CPU
		{87833C9B-4B7D-481B-AA51-BA364A30B1F6}.Debug|Any CPU.ActiveCfg = Debug|Any CPU
		{87833C9B-4B7D-481B-AA51-BA364A30B1F6}.Debug|Any CPU.Build.0 = Debug|Any CPU
		{87833C9B-4B7D-481B-AA51-BA364A30B1F6}.Release|Any CPU.ActiveCfg = Release|Any CPU
		{87833C9B-4B7D-481B-AA51-BA364A30B1F6}.Release|Any CPU.Build.0 = Release|Any CPU
		{A4443DAD-6069-46DF-8E49-041C07D64AA5}.Debug|Any CPU.ActiveCfg = Debug|Any CPU
		{A4443DAD-6069-46DF-8E49-041C07D64AA5}.Debug|Any CPU.Build.0 = Debug|Any CPU
		{A4443DAD-6069-46DF-8E49-041C07D64AA5}.Release|Any CPU.ActiveCfg = Release|Any CPU
		{A4443DAD-6069-46DF-8E49-041C07D64AA5}.Release|Any CPU.Build.0 = Release|Any CPU
		{100FE94F-AF2E-4069-9DEA-B711104FC61F}.Debug|Any CPU.ActiveCfg = Debug|Any CPU
		{100FE94F-AF2E-4069-9DEA-B711104FC61F}.Debug|Any CPU.Build.0 = Debug|Any CPU
		{100FE94F-AF2E-4069-9DEA-B711104FC61F}.Release|Any CPU.ActiveCfg = Release|Any CPU
		{100FE94F-AF2E-4069-9DEA-B711104FC61F}.Release|Any CPU.Build.0 = Release|Any CPU
		{B84D15C0-3FD9-4AE3-835A-B177D0DB9F67}.Debug|Any CPU.ActiveCfg = Debug|Any CPU
		{B84D15C0-3FD9-4AE3-835A-B177D0DB9F67}.Debug|Any CPU.Build.0 = Debug|Any CPU
		{B84D15C0-3FD9-4AE3-835A-B177D0DB9F67}.Release|Any CPU.ActiveCfg = Release|Any CPU
		{B84D15C0-3FD9-4AE3-835A-B177D0DB9F67}.Release|Any CPU.Build.0 = Release|Any CPU
		{7846C3B5-262F-48FE-8DE8-0F034329A15F}.Debug|Any CPU.ActiveCfg = Debug|Any CPU
		{7846C3B5-262F-48FE-8DE8-0F034329A15F}.Debug|Any CPU.Build.0 = Debug|Any CPU
		{7846C3B5-262F-48FE-8DE8-0F034329A15F}.Release|Any CPU.ActiveCfg = Release|Any CPU
		{7846C3B5-262F-48FE-8DE8-0F034329A15F}.Release|Any CPU.Build.0 = Release|Any CPU
		{F7D0150D-6950-421B-A8A3-61A7568A960C}.Debug|Any CPU.ActiveCfg = Debug|Any CPU
		{F7D0150D-6950-421B-A8A3-61A7568A960C}.Debug|Any CPU.Build.0 = Debug|Any CPU
		{F7D0150D-6950-421B-A8A3-61A7568A960C}.Release|Any CPU.ActiveCfg = Release|Any CPU
		{F7D0150D-6950-421B-A8A3-61A7568A960C}.Release|Any CPU.Build.0 = Release|Any CPU
		{93B49C86-BA9F-4846-8312-ADDA8F9F01F5}.Debug|Any CPU.ActiveCfg = Debug|Any CPU
		{93B49C86-BA9F-4846-8312-ADDA8F9F01F5}.Debug|Any CPU.Build.0 = Debug|Any CPU
		{93B49C86-BA9F-4846-8312-ADDA8F9F01F5}.Release|Any CPU.ActiveCfg = Release|Any CPU
		{93B49C86-BA9F-4846-8312-ADDA8F9F01F5}.Release|Any CPU.Build.0 = Release|Any CPU
	EndGlobalSection
	GlobalSection(SolutionProperties) = preSolution
		HideSolutionNode = FALSE
	EndGlobalSection
	GlobalSection(NestedProjects) = preSolution
		{682349F2-19F1-47A0-994C-1C3EA7F0FF49} = {F4C15D63-EAFB-42C8-A4F0-6BE312EB36AE}
		{FF08950A-37E6-4904-A18E-3F7542049170} = {DE348E8E-A0C7-419A-981C-5B9C9BFB1E3B}
		{A52EE699-1E87-43D6-8C19-6D07CDA92610} = {DE348E8E-A0C7-419A-981C-5B9C9BFB1E3B}
		{A57D5B38-8458-493D-9701-7BF5AF0DC199} = {7EE0255E-E0FA-44C6-8FCD-4FA377EC2770}
		{FC1ED8B6-3BF4-43EB-9A6D-DC0DDDC0E309} = {7EE0255E-E0FA-44C6-8FCD-4FA377EC2770}
		{C1F56520-06BB-4FE1-97AE-A227C8E41422} = {7EE0255E-E0FA-44C6-8FCD-4FA377EC2770}
		{8049BAE2-BD6A-42CA-8FAB-77A35BA79849} = {7EE0255E-E0FA-44C6-8FCD-4FA377EC2770}
		{D1A67A18-4F79-4EBE-89E3-7D9E7728039E} = {C580FDB3-888C-4BD2-BEAE-CAD5ECA14917}
		{2997B5C7-22FB-46FC-A541-C45DF74F8F45} = {C580FDB3-888C-4BD2-BEAE-CAD5ECA14917}
		{45A8779F-14BA-480D-92F8-56BC4070AB57} = {C580FDB3-888C-4BD2-BEAE-CAD5ECA14917}
		{87833C9B-4B7D-481B-AA51-BA364A30B1F6} = {F4C15D63-EAFB-42C8-A4F0-6BE312EB36AE}
		{A4443DAD-6069-46DF-8E49-041C07D64AA5} = {7EE0255E-E0FA-44C6-8FCD-4FA377EC2770}
		{100FE94F-AF2E-4069-9DEA-B711104FC61F} = {DE348E8E-A0C7-419A-981C-5B9C9BFB1E3B}
		{B84D15C0-3FD9-4AE3-835A-B177D0DB9F67} = {5837545F-25AB-4DDB-8CC6-4810521FB458}
		{7846C3B5-262F-48FE-8DE8-0F034329A15F} = {5837545F-25AB-4DDB-8CC6-4810521FB458}
		{F7D0150D-6950-421B-A8A3-61A7568A960C} = {DE348E8E-A0C7-419A-981C-5B9C9BFB1E3B}
		{93B49C86-BA9F-4846-8312-ADDA8F9F01F5} = {7EE0255E-E0FA-44C6-8FCD-4FA377EC2770}
	EndGlobalSection
	GlobalSection(ExtensibilityGlobals) = postSolution
		SolutionGuid = {FF19EAC8-82EB-4AA3-A02D-C2DB5BB4F7B8}
	EndGlobalSection
EndGlobal
